
Microsoft Visual Studio Solution File, Format Version 12.00
# Visual Studio Version 17
VisualStudioVersion = 17.2.32505.173
MinimumVisualStudioVersion = 10.0.40219.1
Project("{8BC9CEB8-8B4A-11D0-8D11-00A0C91BC942}") = "双向链表blog", "双向链表blog\双向链表blog.vcxproj", "{15AB7A7F-16F6-41E1-988D-A5070F86AA90}"
EndProject
Global
	GlobalSection(SolutionConfigurationPlatforms) = preSolution
		Debug|x64 = Debug|x64
		Debug|x86 = Debug|x86
		Release|x64 = Release|x64
		Release|x86 = Release|x86
	EndGlobalSection
	GlobalSection(ProjectConfigurationPlatforms) = postSolution
		{15AB7A7F-16F6-41E1-988D-A5070F86AA90}.Debug|x64.ActiveCfg = Debug|x64
		{15AB7A7F-16F6-41E1-988D-A5070F86AA90}.Debug|x64.Build.0 = Debug|x64
		{15AB7A7F-16F6-41E1-988D-A5070F86AA90}.Debug|x86.ActiveCfg = Debug|Win32
		{15AB7A7F-16F6-41E1-988D-A5070F86AA90}.Debug|x86.Build.0 = Debug|Win32
		{15AB7A7F-16F6-41E1-988D-A5070F86AA90}.Release|x64.ActiveCfg = Release|x64
		{15AB7A7F-16F6-41E1-988D-A5070F86AA90}.Release|x64.Build.0 = Release|x64
		{15AB7A7F-16F6-41E1-988D-A5070F86AA90}.Release|x86.ActiveCfg = Release|Win32
		{15AB7A7F-16F6-41E1-988D-A5070F86AA90}.Release|x86.Build.0 = Release|Win32
	EndGlobalSection
	GlobalSection(SolutionProperties) = preSolution
		HideSolutionNode = FALSE
	EndGlobalSection
	GlobalSection(ExtensibilityGlobals) = postSolution
		SolutionGuid = {89787595-35DD-48D0-AD73-763BD6A78FE2}
	EndGlobalSection
EndGlobal
