
Microsoft Visual Studio Solution File, Format Version 12.00
# Visual Studio Version 17
VisualStudioVersion = 17.2.32526.322
MinimumVisualStudioVersion = 10.0.40219.1
Project("{8BC9CEB8-8B4A-11D0-8D11-00A0C91BC942}") = "Contact", "Contact\Contact.vcxproj", "{A07728DE-AC27-48CF-A2E9-D0484C2569EC}"
EndProject
Global
	GlobalSection(SolutionConfigurationPlatforms) = preSolution
		Debug|x64 = Debug|x64
		Debug|x86 = Debug|x86
		Release|x64 = Release|x64
		Release|x86 = Release|x86
	EndGlobalSection
	GlobalSection(ProjectConfigurationPlatforms) = postSolution
		{A07728DE-AC27-48CF-A2E9-D0484C2569EC}.Debug|x64.ActiveCfg = Debug|x64
		{A07728DE-AC27-48CF-A2E9-D0484C2569EC}.Debug|x64.Build.0 = Debug|x64
		{A07728DE-AC27-48CF-A2E9-D0484C2569EC}.Debug|x86.ActiveCfg = Debug|Win32
		{A07728DE-AC27-48CF-A2E9-D0484C2569EC}.Debug|x86.Build.0 = Debug|Win32
		{A07728DE-AC27-48CF-A2E9-D0484C2569EC}.Release|x64.ActiveCfg = Release|x64
		{A07728DE-AC27-48CF-A2E9-D0484C2569EC}.Release|x64.Build.0 = Release|x64
		{A07728DE-AC27-48CF-A2E9-D0484C2569EC}.Release|x86.ActiveCfg = Release|Win32
		{A07728DE-AC27-48CF-A2E9-D0484C2569EC}.Release|x86.Build.0 = Release|Win32
	EndGlobalSection
	GlobalSection(SolutionProperties) = preSolution
		HideSolutionNode = FALSE
	EndGlobalSection
	GlobalSection(ExtensibilityGlobals) = postSolution
		SolutionGuid = {3116C8F8-3580-4878-A0EF-2DFBD8F326DB}
	EndGlobalSection
EndGlobal
