
Microsoft Visual Studio Solution File, Format Version 12.00
# Visual Studio Version 17
VisualStudioVersion = 17.1.32210.238
MinimumVisualStudioVersion = 10.0.40219.1
Project("{8BC9CEB8-8B4A-11D0-8D11-00A0C91BC942}") = "learn_4_3", "learn_4_3\learn_4_3.vcxproj", "{743F0969-DE73-409F-ADE8-01DDDA79C515}"
EndProject
Global
	GlobalSection(SolutionConfigurationPlatforms) = preSolution
		Debug|x64 = Debug|x64
		Debug|x86 = Debug|x86
		Release|x64 = Release|x64
		Release|x86 = Release|x86
	EndGlobalSection
	GlobalSection(ProjectConfigurationPlatforms) = postSolution
		{743F0969-DE73-409F-ADE8-01DDDA79C515}.Debug|x64.ActiveCfg = Debug|x64
		{743F0969-DE73-409F-ADE8-01DDDA79C515}.Debug|x64.Build.0 = Debug|x64
		{743F0969-DE73-409F-ADE8-01DDDA79C515}.Debug|x86.ActiveCfg = Debug|Win32
		{743F0969-DE73-409F-ADE8-01DDDA79C515}.Debug|x86.Build.0 = Debug|Win32
		{743F0969-DE73-409F-ADE8-01DDDA79C515}.Release|x64.ActiveCfg = Release|x64
		{743F0969-DE73-409F-ADE8-01DDDA79C515}.Release|x64.Build.0 = Release|x64
		{743F0969-DE73-409F-ADE8-01DDDA79C515}.Release|x86.ActiveCfg = Release|Win32
		{743F0969-DE73-409F-ADE8-01DDDA79C515}.Release|x86.Build.0 = Release|Win32
	EndGlobalSection
	GlobalSection(SolutionProperties) = preSolution
		HideSolutionNode = FALSE
	EndGlobalSection
	GlobalSection(ExtensibilityGlobals) = postSolution
		SolutionGuid = {023C75C7-1E89-48E8-97CB-4A9FE07F2BA8}
	EndGlobalSection
EndGlobal
