
Microsoft Visual Studio Solution File, Format Version 12.00
# Visual Studio Version 17
VisualStudioVersion = 17.2.32505.173
MinimumVisualStudioVersion = 10.0.40219.1
Project("{8BC9CEB8-8B4A-11D0-8D11-00A0C91BC942}") = "learn_5_22", "learn_5_22\learn_5_22.vcxproj", "{5DD31834-2DDB-4F08-901E-3530C68DF08A}"
EndProject
Global
	GlobalSection(SolutionConfigurationPlatforms) = preSolution
		Debug|x64 = Debug|x64
		Debug|x86 = Debug|x86
		Release|x64 = Release|x64
		Release|x86 = Release|x86
	EndGlobalSection
	GlobalSection(ProjectConfigurationPlatforms) = postSolution
		{5DD31834-2DDB-4F08-901E-3530C68DF08A}.Debug|x64.ActiveCfg = Debug|x64
		{5DD31834-2DDB-4F08-901E-3530C68DF08A}.Debug|x64.Build.0 = Debug|x64
		{5DD31834-2DDB-4F08-901E-3530C68DF08A}.Debug|x86.ActiveCfg = Debug|Win32
		{5DD31834-2DDB-4F08-901E-3530C68DF08A}.Debug|x86.Build.0 = Debug|Win32
		{5DD31834-2DDB-4F08-901E-3530C68DF08A}.Release|x64.ActiveCfg = Release|x64
		{5DD31834-2DDB-4F08-901E-3530C68DF08A}.Release|x64.Build.0 = Release|x64
		{5DD31834-2DDB-4F08-901E-3530C68DF08A}.Release|x86.ActiveCfg = Release|Win32
		{5DD31834-2DDB-4F08-901E-3530C68DF08A}.Release|x86.Build.0 = Release|Win32
	EndGlobalSection
	GlobalSection(SolutionProperties) = preSolution
		HideSolutionNode = FALSE
	EndGlobalSection
	GlobalSection(ExtensibilityGlobals) = postSolution
		SolutionGuid = {7B40CE2C-E507-41B6-8A13-BA3867C478B4}
	EndGlobalSection
EndGlobal
